
Microsoft Visual Studio Solution File, Format Version 12.00
# Visual Studio 15
VisualStudioVersion = 15.0.28010.2026
MinimumVisualStudioVersion = 10.0.40219.1
Project("{FAE04EC0-301F-11D3-BF4B-00C04F79EFBC}") = "Sales.Android", "Sales\Sales.Android\Sales.Android.csproj", "{7DCFC8D1-8D2B-419B-8D30-64090BCE5F1F}"
EndProject
Project("{FAE04EC0-301F-11D3-BF4B-00C04F79EFBC}") = "Sales.iOS", "Sales\Sales.iOS\Sales.iOS.csproj", "{CD44B17D-4326-4CF3-805C-6402DA7B8DA4}"
EndProject
Project("{FAE04EC0-301F-11D3-BF4B-00C04F79EFBC}") = "Sales", "Sales\Sales\Sales.csproj", "{17C80CCA-58DE-4319-8CA2-5BDC2FC5DB6C}"
EndProject
Project("{FAE04EC0-301F-11D3-BF4B-00C04F79EFBC}") = "Sale.Backend", "Sale.Backend\Sale.Backend.csproj", "{2C6646EC-72E9-434B-A46D-A9DFD1AF5F11}"
EndProject
Project("{E53339B2-1760-4266-BCC7-CA923CBCF16C}") = "docker-compose", "docker-compose.dcproj", "{71AAADF8-DD37-496E-B244-2112A1FFAFA4}"
EndProject
Project("{FAE04EC0-301F-11D3-BF4B-00C04F79EFBC}") = "Sales.API", "Sales.API\Sales.API.csproj", "{7243B4B7-5D4E-4F82-8F43-D2F20D5ADD6F}"
EndProject
Project("{FAE04EC0-301F-11D3-BF4B-00C04F79EFBC}") = "Sales.Domain", "Sales.Domain\Sales.Domain.csproj", "{0F39431B-755F-4248-8564-15E02A37839B}"
EndProject
Project("{FAE04EC0-301F-11D3-BF4B-00C04F79EFBC}") = "Sales.Common", "Sales.Common\Sales.Common.csproj", "{DCA52F29-B55C-403A-8266-6861BD15E960}"
EndProject
Global
	GlobalSection(SolutionConfigurationPlatforms) = preSolution
		Ad-Hoc|Any CPU = Ad-Hoc|Any CPU
		Ad-Hoc|iPhone = Ad-Hoc|iPhone
		Ad-Hoc|iPhoneSimulator = Ad-Hoc|iPhoneSimulator
		AppStore|Any CPU = AppStore|Any CPU
		AppStore|iPhone = AppStore|iPhone
		AppStore|iPhoneSimulator = AppStore|iPhoneSimulator
		Debug|Any CPU = Debug|Any CPU
		Debug|iPhone = Debug|iPhone
		Debug|iPhoneSimulator = Debug|iPhoneSimulator
		Release|Any CPU = Release|Any CPU
		Release|iPhone = Release|iPhone
		Release|iPhoneSimulator = Release|iPhoneSimulator
	EndGlobalSection
	GlobalSection(ProjectConfigurationPlatforms) = postSolution
		{7DCFC8D1-8D2B-419B-8D30-64090BCE5F1F}.Ad-Hoc|Any CPU.ActiveCfg = Release|Any CPU
		{7DCFC8D1-8D2B-419B-8D30-64090BCE5F1F}.Ad-Hoc|Any CPU.Build.0 = Release|Any CPU
		{7DCFC8D1-8D2B-419B-8D30-64090BCE5F1F}.Ad-Hoc|Any CPU.Deploy.0 = Release|Any CPU
		{7DCFC8D1-8D2B-419B-8D30-64090BCE5F1F}.Ad-Hoc|iPhone.ActiveCfg = Release|Any CPU
		{7DCFC8D1-8D2B-419B-8D30-64090BCE5F1F}.Ad-Hoc|iPhone.Build.0 = Release|Any CPU
		{7DCFC8D1-8D2B-419B-8D30-64090BCE5F1F}.Ad-Hoc|iPhone.Deploy.0 = Release|Any CPU
		{7DCFC8D1-8D2B-419B-8D30-64090BCE5F1F}.Ad-Hoc|iPhoneSimulator.ActiveCfg = Release|Any CPU
		{7DCFC8D1-8D2B-419B-8D30-64090BCE5F1F}.Ad-Hoc|iPhoneSimulator.Build.0 = Release|Any CPU
		{7DCFC8D1-8D2B-419B-8D30-64090BCE5F1F}.Ad-Hoc|iPhoneSimulator.Deploy.0 = Release|Any CPU
		{7DCFC8D1-8D2B-419B-8D30-64090BCE5F1F}.AppStore|Any CPU.ActiveCfg = Release|Any CPU
		{7DCFC8D1-8D2B-419B-8D30-64090BCE5F1F}.AppStore|Any CPU.Build.0 = Release|Any CPU
		{7DCFC8D1-8D2B-419B-8D30-64090BCE5F1F}.AppStore|Any CPU.Deploy.0 = Release|Any CPU
		{7DCFC8D1-8D2B-419B-8D30-64090BCE5F1F}.AppStore|iPhone.ActiveCfg = Release|Any CPU
		{7DCFC8D1-8D2B-419B-8D30-64090BCE5F1F}.AppStore|iPhone.Build.0 = Release|Any CPU
		{7DCFC8D1-8D2B-419B-8D30-64090BCE5F1F}.AppStore|iPhone.Deploy.0 = Release|Any CPU
		{7DCFC8D1-8D2B-419B-8D30-64090BCE5F1F}.AppStore|iPhoneSimulator.ActiveCfg = Release|Any CPU
		{7DCFC8D1-8D2B-419B-8D30-64090BCE5F1F}.AppStore|iPhoneSimulator.Build.0 = Release|Any CPU
		{7DCFC8D1-8D2B-419B-8D30-64090BCE5F1F}.AppStore|iPhoneSimulator.Deploy.0 = Release|Any CPU
		{7DCFC8D1-8D2B-419B-8D30-64090BCE5F1F}.Debug|Any CPU.ActiveCfg = Debug|Any CPU
		{7DCFC8D1-8D2B-419B-8D30-64090BCE5F1F}.Debug|Any CPU.Build.0 = Debug|Any CPU
		{7DCFC8D1-8D2B-419B-8D30-64090BCE5F1F}.Debug|Any CPU.Deploy.0 = Debug|Any CPU
		{7DCFC8D1-8D2B-419B-8D30-64090BCE5F1F}.Debug|iPhone.ActiveCfg = Debug|Any CPU
		{7DCFC8D1-8D2B-419B-8D30-64090BCE5F1F}.Debug|iPhone.Build.0 = Debug|Any CPU
		{7DCFC8D1-8D2B-419B-8D30-64090BCE5F1F}.Debug|iPhone.Deploy.0 = Debug|Any CPU
		{7DCFC8D1-8D2B-419B-8D30-64090BCE5F1F}.Debug|iPhoneSimulator.ActiveCfg = Debug|Any CPU
		{7DCFC8D1-8D2B-419B-8D30-64090BCE5F1F}.Debug|iPhoneSimulator.Build.0 = Debug|Any CPU
		{7DCFC8D1-8D2B-419B-8D30-64090BCE5F1F}.Debug|iPhoneSimulator.Deploy.0 = Debug|Any CPU
		{7DCFC8D1-8D2B-419B-8D30-64090BCE5F1F}.Release|Any CPU.ActiveCfg = Release|Any CPU
		{7DCFC8D1-8D2B-419B-8D30-64090BCE5F1F}.Release|Any CPU.Build.0 = Release|Any CPU
		{7DCFC8D1-8D2B-419B-8D30-64090BCE5F1F}.Release|Any CPU.Deploy.0 = Release|Any CPU
		{7DCFC8D1-8D2B-419B-8D30-64090BCE5F1F}.Release|iPhone.ActiveCfg = Release|Any CPU
		{7DCFC8D1-8D2B-419B-8D30-64090BCE5F1F}.Release|iPhone.Build.0 = Release|Any CPU
		{7DCFC8D1-8D2B-419B-8D30-64090BCE5F1F}.Release|iPhone.Deploy.0 = Release|Any CPU
		{7DCFC8D1-8D2B-419B-8D30-64090BCE5F1F}.Release|iPhoneSimulator.ActiveCfg = Release|Any CPU
		{7DCFC8D1-8D2B-419B-8D30-64090BCE5F1F}.Release|iPhoneSimulator.Build.0 = Release|Any CPU
		{7DCFC8D1-8D2B-419B-8D30-64090BCE5F1F}.Release|iPhoneSimulator.Deploy.0 = Release|Any CPU
		{CD44B17D-4326-4CF3-805C-6402DA7B8DA4}.Ad-Hoc|Any CPU.ActiveCfg = Ad-Hoc|iPhone
		{CD44B17D-4326-4CF3-805C-6402DA7B8DA4}.Ad-Hoc|iPhone.ActiveCfg = Ad-Hoc|iPhone
		{CD44B17D-4326-4CF3-805C-6402DA7B8DA4}.Ad-Hoc|iPhone.Build.0 = Ad-Hoc|iPhone
		{CD44B17D-4326-4CF3-805C-6402DA7B8DA4}.Ad-Hoc|iPhoneSimulator.ActiveCfg = Ad-Hoc|iPhoneSimulator
		{CD44B17D-4326-4CF3-805C-6402DA7B8DA4}.Ad-Hoc|iPhoneSimulator.Build.0 = Ad-Hoc|iPhoneSimulator
		{CD44B17D-4326-4CF3-805C-6402DA7B8DA4}.AppStore|Any CPU.ActiveCfg = AppStore|iPhone
		{CD44B17D-4326-4CF3-805C-6402DA7B8DA4}.AppStore|iPhone.ActiveCfg = AppStore|iPhone
		{CD44B17D-4326-4CF3-805C-6402DA7B8DA4}.AppStore|iPhone.Build.0 = AppStore|iPhone
		{CD44B17D-4326-4CF3-805C-6402DA7B8DA4}.AppStore|iPhoneSimulator.ActiveCfg = AppStore|iPhoneSimulator
		{CD44B17D-4326-4CF3-805C-6402DA7B8DA4}.AppStore|iPhoneSimulator.Build.0 = AppStore|iPhoneSimulator
		{CD44B17D-4326-4CF3-805C-6402DA7B8DA4}.Debug|Any CPU.ActiveCfg = Debug|iPhone
		{CD44B17D-4326-4CF3-805C-6402DA7B8DA4}.Debug|iPhone.ActiveCfg = Debug|iPhone
		{CD44B17D-4326-4CF3-805C-6402DA7B8DA4}.Debug|iPhone.Build.0 = Debug|iPhone
		{CD44B17D-4326-4CF3-805C-6402DA7B8DA4}.Debug|iPhoneSimulator.ActiveCfg = Debug|iPhoneSimulator
		{CD44B17D-4326-4CF3-805C-6402DA7B8DA4}.Debug|iPhoneSimulator.Build.0 = Debug|iPhoneSimulator
		{CD44B17D-4326-4CF3-805C-6402DA7B8DA4}.Release|Any CPU.ActiveCfg = Release|iPhone
		{CD44B17D-4326-4CF3-805C-6402DA7B8DA4}.Release|iPhone.ActiveCfg = Release|iPhone
		{CD44B17D-4326-4CF3-805C-6402DA7B8DA4}.Release|iPhone.Build.0 = Release|iPhone
		{CD44B17D-4326-4CF3-805C-6402DA7B8DA4}.Release|iPhoneSimulator.ActiveCfg = Release|iPhoneSimulator
		{CD44B17D-4326-4CF3-805C-6402DA7B8DA4}.Release|iPhoneSimulator.Build.0 = Release|iPhoneSimulator
		{17C80CCA-58DE-4319-8CA2-5BDC2FC5DB6C}.Ad-Hoc|Any CPU.ActiveCfg = Debug|Any CPU
		{17C80CCA-58DE-4319-8CA2-5BDC2FC5DB6C}.Ad-Hoc|Any CPU.Build.0 = Debug|Any CPU
		{17C80CCA-58DE-4319-8CA2-5BDC2FC5DB6C}.Ad-Hoc|iPhone.ActiveCfg = Debug|Any CPU
		{17C80CCA-58DE-4319-8CA2-5BDC2FC5DB6C}.Ad-Hoc|iPhone.Build.0 = Debug|Any CPU
		{17C80CCA-58DE-4319-8CA2-5BDC2FC5DB6C}.Ad-Hoc|iPhoneSimulator.ActiveCfg = Debug|Any CPU
		{17C80CCA-58DE-4319-8CA2-5BDC2FC5DB6C}.Ad-Hoc|iPhoneSimulator.Build.0 = Debug|Any CPU
		{17C80CCA-58DE-4319-8CA2-5BDC2FC5DB6C}.AppStore|Any CPU.ActiveCfg = Debug|Any CPU
		{17C80CCA-58DE-4319-8CA2-5BDC2FC5DB6C}.AppStore|Any CPU.Build.0 = Debug|Any CPU
		{17C80CCA-58DE-4319-8CA2-5BDC2FC5DB6C}.AppStore|iPhone.ActiveCfg = Debug|Any CPU
		{17C80CCA-58DE-4319-8CA2-5BDC2FC5DB6C}.AppStore|iPhone.Build.0 = Debug|Any CPU
		{17C80CCA-58DE-4319-8CA2-5BDC2FC5DB6C}.AppStore|iPhoneSimulator.ActiveCfg = Debug|Any CPU
		{17C80CCA-58DE-4319-8CA2-5BDC2FC5DB6C}.AppStore|iPhoneSimulator.Build.0 = Debug|Any CPU
		{17C80CCA-58DE-4319-8CA2-5BDC2FC5DB6C}.Debug|Any CPU.ActiveCfg = Debug|Any CPU
		{17C80CCA-58DE-4319-8CA2-5BDC2FC5DB6C}.Debug|Any CPU.Build.0 = Debug|Any CPU
		{17C80CCA-58DE-4319-8CA2-5BDC2FC5DB6C}.Debug|iPhone.ActiveCfg = Debug|Any CPU
		{17C80CCA-58DE-4319-8CA2-5BDC2FC5DB6C}.Debug|iPhone.Build.0 = Debug|Any CPU
		{17C80CCA-58DE-4319-8CA2-5BDC2FC5DB6C}.Debug|iPhoneSimulator.ActiveCfg = Debug|Any CPU
		{17C80CCA-58DE-4319-8CA2-5BDC2FC5DB6C}.Debug|iPhoneSimulator.Build.0 = Debug|Any CPU
		{17C80CCA-58DE-4319-8CA2-5BDC2FC5DB6C}.Release|Any CPU.ActiveCfg = Release|Any CPU
		{17C80CCA-58DE-4319-8CA2-5BDC2FC5DB6C}.Release|Any CPU.Build.0 = Release|Any CPU
		{17C80CCA-58DE-4319-8CA2-5BDC2FC5DB6C}.Release|iPhone.ActiveCfg = Release|Any CPU
		{17C80CCA-58DE-4319-8CA2-5BDC2FC5DB6C}.Release|iPhone.Build.0 = Release|Any CPU
		{17C80CCA-58DE-4319-8CA2-5BDC2FC5DB6C}.Release|iPhoneSimulator.ActiveCfg = Release|Any CPU
		{17C80CCA-58DE-4319-8CA2-5BDC2FC5DB6C}.Release|iPhoneSimulator.Build.0 = Release|Any CPU
		{2C6646EC-72E9-434B-A46D-A9DFD1AF5F11}.Ad-Hoc|Any CPU.ActiveCfg = Release|Any CPU
		{2C6646EC-72E9-434B-A46D-A9DFD1AF5F11}.Ad-Hoc|Any CPU.Build.0 = Release|Any CPU
		{2C6646EC-72E9-434B-A46D-A9DFD1AF5F11}.Ad-Hoc|iPhone.ActiveCfg = Release|Any CPU
		{2C6646EC-72E9-434B-A46D-A9DFD1AF5F11}.Ad-Hoc|iPhone.Build.0 = Release|Any CPU
		{2C6646EC-72E9-434B-A46D-A9DFD1AF5F11}.Ad-Hoc|iPhoneSimulator.ActiveCfg = Release|Any CPU
		{2C6646EC-72E9-434B-A46D-A9DFD1AF5F11}.Ad-Hoc|iPhoneSimulator.Build.0 = Release|Any CPU
		{2C6646EC-72E9-434B-A46D-A9DFD1AF5F11}.AppStore|Any CPU.ActiveCfg = Release|Any CPU
		{2C6646EC-72E9-434B-A46D-A9DFD1AF5F11}.AppStore|Any CPU.Build.0 = Release|Any CPU
		{2C6646EC-72E9-434B-A46D-A9DFD1AF5F11}.AppStore|iPhone.ActiveCfg = Release|Any CPU
		{2C6646EC-72E9-434B-A46D-A9DFD1AF5F11}.AppStore|iPhone.Build.0 = Release|Any CPU
		{2C6646EC-72E9-434B-A46D-A9DFD1AF5F11}.AppStore|iPhoneSimulator.ActiveCfg = Release|Any CPU
		{2C6646EC-72E9-434B-A46D-A9DFD1AF5F11}.AppStore|iPhoneSimulator.Build.0 = Release|Any CPU
		{2C6646EC-72E9-434B-A46D-A9DFD1AF5F11}.Debug|Any CPU.ActiveCfg = Debug|Any CPU
		{2C6646EC-72E9-434B-A46D-A9DFD1AF5F11}.Debug|Any CPU.Build.0 = Debug|Any CPU
		{2C6646EC-72E9-434B-A46D-A9DFD1AF5F11}.Debug|iPhone.ActiveCfg = Debug|Any CPU
		{2C6646EC-72E9-434B-A46D-A9DFD1AF5F11}.Debug|iPhone.Build.0 = Debug|Any CPU
		{2C6646EC-72E9-434B-A46D-A9DFD1AF5F11}.Debug|iPhoneSimulator.ActiveCfg = Debug|Any CPU
		{2C6646EC-72E9-434B-A46D-A9DFD1AF5F11}.Debug|iPhoneSimulator.Build.0 = Debug|Any CPU
		{2C6646EC-72E9-434B-A46D-A9DFD1AF5F11}.Release|Any CPU.ActiveCfg = Release|Any CPU
		{2C6646EC-72E9-434B-A46D-A9DFD1AF5F11}.Release|Any CPU.Build.0 = Release|Any CPU
		{2C6646EC-72E9-434B-A46D-A9DFD1AF5F11}.Release|iPhone.ActiveCfg = Release|Any CPU
		{2C6646EC-72E9-434B-A46D-A9DFD1AF5F11}.Release|iPhone.Build.0 = Release|Any CPU
		{2C6646EC-72E9-434B-A46D-A9DFD1AF5F11}.Release|iPhoneSimulator.ActiveCfg = Release|Any CPU
		{2C6646EC-72E9-434B-A46D-A9DFD1AF5F11}.Release|iPhoneSimulator.Build.0 = Release|Any CPU
		{71AAADF8-DD37-496E-B244-2112A1FFAFA4}.Ad-Hoc|Any CPU.ActiveCfg = Debug|Any CPU
		{71AAADF8-DD37-496E-B244-2112A1FFAFA4}.Ad-Hoc|Any CPU.Build.0 = Debug|Any CPU
		{71AAADF8-DD37-496E-B244-2112A1FFAFA4}.Ad-Hoc|iPhone.ActiveCfg = Debug|Any CPU
		{71AAADF8-DD37-496E-B244-2112A1FFAFA4}.Ad-Hoc|iPhone.Build.0 = Debug|Any CPU
		{71AAADF8-DD37-496E-B244-2112A1FFAFA4}.Ad-Hoc|iPhoneSimulator.ActiveCfg = Debug|Any CPU
		{71AAADF8-DD37-496E-B244-2112A1FFAFA4}.Ad-Hoc|iPhoneSimulator.Build.0 = Debug|Any CPU
		{71AAADF8-DD37-496E-B244-2112A1FFAFA4}.AppStore|Any CPU.ActiveCfg = Debug|Any CPU
		{71AAADF8-DD37-496E-B244-2112A1FFAFA4}.AppStore|Any CPU.Build.0 = Debug|Any CPU
		{71AAADF8-DD37-496E-B244-2112A1FFAFA4}.AppStore|iPhone.ActiveCfg = Debug|Any CPU
		{71AAADF8-DD37-496E-B244-2112A1FFAFA4}.AppStore|iPhone.Build.0 = Debug|Any CPU
		{71AAADF8-DD37-496E-B244-2112A1FFAFA4}.AppStore|iPhoneSimulator.ActiveCfg = Debug|Any CPU
		{71AAADF8-DD37-496E-B244-2112A1FFAFA4}.AppStore|iPhoneSimulator.Build.0 = Debug|Any CPU
		{71AAADF8-DD37-496E-B244-2112A1FFAFA4}.Debug|Any CPU.ActiveCfg = Debug|Any CPU
		{71AAADF8-DD37-496E-B244-2112A1FFAFA4}.Debug|Any CPU.Build.0 = Debug|Any CPU
		{71AAADF8-DD37-496E-B244-2112A1FFAFA4}.Debug|iPhone.ActiveCfg = Debug|Any CPU
		{71AAADF8-DD37-496E-B244-2112A1FFAFA4}.Debug|iPhone.Build.0 = Debug|Any CPU
		{71AAADF8-DD37-496E-B244-2112A1FFAFA4}.Debug|iPhoneSimulator.ActiveCfg = Debug|Any CPU
		{71AAADF8-DD37-496E-B244-2112A1FFAFA4}.Debug|iPhoneSimulator.Build.0 = Debug|Any CPU
		{71AAADF8-DD37-496E-B244-2112A1FFAFA4}.Release|Any CPU.ActiveCfg = Release|Any CPU
		{71AAADF8-DD37-496E-B244-2112A1FFAFA4}.Release|Any CPU.Build.0 = Release|Any CPU
		{71AAADF8-DD37-496E-B244-2112A1FFAFA4}.Release|iPhone.ActiveCfg = Release|Any CPU
		{71AAADF8-DD37-496E-B244-2112A1FFAFA4}.Release|iPhone.Build.0 = Release|Any CPU
		{71AAADF8-DD37-496E-B244-2112A1FFAFA4}.Release|iPhoneSimulator.ActiveCfg = Release|Any CPU
		{71AAADF8-DD37-496E-B244-2112A1FFAFA4}.Release|iPhoneSimulator.Build.0 = Release|Any CPU
		{7243B4B7-5D4E-4F82-8F43-D2F20D5ADD6F}.Ad-Hoc|Any CPU.ActiveCfg = Release|Any CPU
		{7243B4B7-5D4E-4F82-8F43-D2F20D5ADD6F}.Ad-Hoc|Any CPU.Build.0 = Release|Any CPU
		{7243B4B7-5D4E-4F82-8F43-D2F20D5ADD6F}.Ad-Hoc|iPhone.ActiveCfg = Release|Any CPU
		{7243B4B7-5D4E-4F82-8F43-D2F20D5ADD6F}.Ad-Hoc|iPhone.Build.0 = Release|Any CPU
		{7243B4B7-5D4E-4F82-8F43-D2F20D5ADD6F}.Ad-Hoc|iPhoneSimulator.ActiveCfg = Release|Any CPU
		{7243B4B7-5D4E-4F82-8F43-D2F20D5ADD6F}.Ad-Hoc|iPhoneSimulator.Build.0 = Release|Any CPU
		{7243B4B7-5D4E-4F82-8F43-D2F20D5ADD6F}.AppStore|Any CPU.ActiveCfg = Release|Any CPU
		{7243B4B7-5D4E-4F82-8F43-D2F20D5ADD6F}.AppStore|Any CPU.Build.0 = Release|Any CPU
		{7243B4B7-5D4E-4F82-8F43-D2F20D5ADD6F}.AppStore|iPhone.ActiveCfg = Release|Any CPU
		{7243B4B7-5D4E-4F82-8F43-D2F20D5ADD6F}.AppStore|iPhone.Build.0 = Release|Any CPU
		{7243B4B7-5D4E-4F82-8F43-D2F20D5ADD6F}.AppStore|iPhoneSimulator.ActiveCfg = Release|Any CPU
		{7243B4B7-5D4E-4F82-8F43-D2F20D5ADD6F}.AppStore|iPhoneSimulator.Build.0 = Release|Any CPU
		{7243B4B7-5D4E-4F82-8F43-D2F20D5ADD6F}.Debug|Any CPU.ActiveCfg = Debug|Any CPU
		{7243B4B7-5D4E-4F82-8F43-D2F20D5ADD6F}.Debug|Any CPU.Build.0 = Debug|Any CPU
		{7243B4B7-5D4E-4F82-8F43-D2F20D5ADD6F}.Debug|iPhone.ActiveCfg = Debug|Any CPU
		{7243B4B7-5D4E-4F82-8F43-D2F20D5ADD6F}.Debug|iPhone.Build.0 = Debug|Any CPU
		{7243B4B7-5D4E-4F82-8F43-D2F20D5ADD6F}.Debug|iPhoneSimulator.ActiveCfg = Debug|Any CPU
		{7243B4B7-5D4E-4F82-8F43-D2F20D5ADD6F}.Debug|iPhoneSimulator.Build.0 = Debug|Any CPU
		{7243B4B7-5D4E-4F82-8F43-D2F20D5ADD6F}.Release|Any CPU.ActiveCfg = Release|Any CPU
		{7243B4B7-5D4E-4F82-8F43-D2F20D5ADD6F}.Release|Any CPU.Build.0 = Release|Any CPU
		{7243B4B7-5D4E-4F82-8F43-D2F20D5ADD6F}.Release|iPhone.ActiveCfg = Release|Any CPU
		{7243B4B7-5D4E-4F82-8F43-D2F20D5ADD6F}.Release|iPhone.Build.0 = Release|Any CPU
		{7243B4B7-5D4E-4F82-8F43-D2F20D5ADD6F}.Release|iPhoneSimulator.ActiveCfg = Release|Any CPU
		{7243B4B7-5D4E-4F82-8F43-D2F20D5ADD6F}.Release|iPhoneSimulator.Build.0 = Release|Any CPU
		{0F39431B-755F-4248-8564-15E02A37839B}.Ad-Hoc|Any CPU.ActiveCfg = Release|Any CPU
		{0F39431B-755F-4248-8564-15E02A37839B}.Ad-Hoc|Any CPU.Build.0 = Release|Any CPU
		{0F39431B-755F-4248-8564-15E02A37839B}.Ad-Hoc|iPhone.ActiveCfg = Release|Any CPU
		{0F39431B-755F-4248-8564-15E02A37839B}.Ad-Hoc|iPhone.Build.0 = Release|Any CPU
		{0F39431B-755F-4248-8564-15E02A37839B}.Ad-Hoc|iPhoneSimulator.ActiveCfg = Release|Any CPU
		{0F39431B-755F-4248-8564-15E02A37839B}.Ad-Hoc|iPhoneSimulator.Build.0 = Release|Any CPU
		{0F39431B-755F-4248-8564-15E02A37839B}.AppStore|Any CPU.ActiveCfg = Release|Any CPU
		{0F39431B-755F-4248-8564-15E02A37839B}.AppStore|Any CPU.Build.0 = Release|Any CPU
		{0F39431B-755F-4248-8564-15E02A37839B}.AppStore|iPhone.ActiveCfg = Release|Any CPU
		{0F39431B-755F-4248-8564-15E02A37839B}.AppStore|iPhone.Build.0 = Release|Any CPU
		{0F39431B-755F-4248-8564-15E02A37839B}.AppStore|iPhoneSimulator.ActiveCfg = Release|Any CPU
		{0F39431B-755F-4248-8564-15E02A37839B}.AppStore|iPhoneSimulator.Build.0 = Release|Any CPU
		{0F39431B-755F-4248-8564-15E02A37839B}.Debug|Any CPU.ActiveCfg = Debug|Any CPU
		{0F39431B-755F-4248-8564-15E02A37839B}.Debug|Any CPU.Build.0 = Debug|Any CPU
		{0F39431B-755F-4248-8564-15E02A37839B}.Debug|iPhone.ActiveCfg = Debug|Any CPU
		{0F39431B-755F-4248-8564-15E02A37839B}.Debug|iPhone.Build.0 = Debug|Any CPU
		{0F39431B-755F-4248-8564-15E02A37839B}.Debug|iPhoneSimulator.ActiveCfg = Debug|Any CPU
		{0F39431B-755F-4248-8564-15E02A37839B}.Debug|iPhoneSimulator.Build.0 = Debug|Any CPU
		{0F39431B-755F-4248-8564-15E02A37839B}.Release|Any CPU.ActiveCfg = Release|Any CPU
		{0F39431B-755F-4248-8564-15E02A37839B}.Release|Any CPU.Build.0 = Release|Any CPU
		{0F39431B-755F-4248-8564-15E02A37839B}.Release|iPhone.ActiveCfg = Release|Any CPU
		{0F39431B-755F-4248-8564-15E02A37839B}.Release|iPhone.Build.0 = Release|Any CPU
		{0F39431B-755F-4248-8564-15E02A37839B}.Release|iPhoneSimulator.ActiveCfg = Release|Any CPU
		{0F39431B-755F-4248-8564-15E02A37839B}.Release|iPhoneSimulator.Build.0 = Release|Any CPU
		{DCA52F29-B55C-403A-8266-6861BD15E960}.Ad-Hoc|Any CPU.ActiveCfg = Release|Any CPU
		{DCA52F29-B55C-403A-8266-6861BD15E960}.Ad-Hoc|Any CPU.Build.0 = Release|Any CPU
		{DCA52F29-B55C-403A-8266-6861BD15E960}.Ad-Hoc|iPhone.ActiveCfg = Release|Any CPU
		{DCA52F29-B55C-403A-8266-6861BD15E960}.Ad-Hoc|iPhone.Build.0 = Release|Any CPU
		{DCA52F29-B55C-403A-8266-6861BD15E960}.Ad-Hoc|iPhoneSimulator.ActiveCfg = Release|Any CPU
		{DCA52F29-B55C-403A-8266-6861BD15E960}.Ad-Hoc|iPhoneSimulator.Build.0 = Release|Any CPU
		{DCA52F29-B55C-403A-8266-6861BD15E960}.AppStore|Any CPU.ActiveCfg = Release|Any CPU
		{DCA52F29-B55C-403A-8266-6861BD15E960}.AppStore|Any CPU.Build.0 = Release|Any CPU
		{DCA52F29-B55C-403A-8266-6861BD15E960}.AppStore|iPhone.ActiveCfg = Release|Any CPU
		{DCA52F29-B55C-403A-8266-6861BD15E960}.AppStore|iPhone.Build.0 = Release|Any CPU
		{DCA52F29-B55C-403A-8266-6861BD15E960}.AppStore|iPhoneSimulator.ActiveCfg = Release|Any CPU
		{DCA52F29-B55C-403A-8266-6861BD15E960}.AppStore|iPhoneSimulator.Build.0 = Release|Any CPU
		{DCA52F29-B55C-403A-8266-6861BD15E960}.Debug|Any CPU.ActiveCfg = Debug|Any CPU
		{DCA52F29-B55C-403A-8266-6861BD15E960}.Debug|Any CPU.Build.0 = Debug|Any CPU
		{DCA52F29-B55C-403A-8266-6861BD15E960}.Debug|iPhone.ActiveCfg = Debug|Any CPU
		{DCA52F29-B55C-403A-8266-6861BD15E960}.Debug|iPhone.Build.0 = Debug|Any CPU
		{DCA52F29-B55C-403A-8266-6861BD15E960}.Debug|iPhoneSimulator.ActiveCfg = Debug|Any CPU
		{DCA52F29-B55C-403A-8266-6861BD15E960}.Debug|iPhoneSimulator.Build.0 = Debug|Any CPU
		{DCA52F29-B55C-403A-8266-6861BD15E960}.Release|Any CPU.ActiveCfg = Release|Any CPU
		{DCA52F29-B55C-403A-8266-6861BD15E960}.Release|Any CPU.Build.0 = Release|Any CPU
		{DCA52F29-B55C-403A-8266-6861BD15E960}.Release|iPhone.ActiveCfg = Release|Any CPU
		{DCA52F29-B55C-403A-8266-6861BD15E960}.Release|iPhone.Build.0 = Release|Any CPU
		{DCA52F29-B55C-403A-8266-6861BD15E960}.Release|iPhoneSimulator.ActiveCfg = Release|Any CPU
		{DCA52F29-B55C-403A-8266-6861BD15E960}.Release|iPhoneSimulator.Build.0 = Release|Any CPU
	EndGlobalSection
	GlobalSection(SolutionProperties) = preSolution
		HideSolutionNode = FALSE
	EndGlobalSection
	GlobalSection(ExtensibilityGlobals) = postSolution
		SolutionGuid = {838B15FC-4368-4F88-8EF4-9A387FC6B115}
	EndGlobalSection
EndGlobal
